[[package]]
name = "flask"
version = "1.0"
description = "A simple framework for building complex web applications."
category = "main"
optional = false
python-versions = ">=2.7, !=3.0.*, !=3.1.*, !=3.2.*, !=3.3.*"

[package.dependencies]
werkzeug = ">=0.14"
jinja2 = ">=2.10"
itsdangerous = ">=0.24"
click = ">=5.1"

[[package]]
name = "jinja2"
version = "2.10"
description = "A very fast and expressive template engine."
category = "main"
optional = false
python-versions = ">=2.7, !=3.0.*, !=3.1.*, !=3.2.*, !=3.3.*"

[package.dependencies]
MarkupSafe = ">=0.23"

[[package]]
name = "werkzeug"
version = "0.14.1"
description = "The Swiss Army knife of Python web development."
category = "main"
optional = false
python-versions = "*"

[[package]]
name = "click"
version = "6.7"
description = "Composable command line interface toolkit"
category = "main"
optional = false
python-versions = "*"

[[package]]
name = "itsdangerous"
version = "0.24"
description = "Various helpers to pass trusted data to untrusted environments and back."
category = "main"
optional = false
python-versions = "*"

[[package]]
name = "urllib3"
version = "1.24.1"
description = "HTTP library with thread-safe connection pooling, file post, and more."
category = "main"
optional = false
python-versions = "*"

[[package]]
name = "pyyaml"
version = "4.2b1"
description = "YAML parser and emitter for Python"
category = "main"
optional = false
python-versions = "*"

[[package]]
name = "django"
version = "1.11.1"
description = "A high-level Python Web framework that encourages rapid development and clean, pragmatic design."
category = "main"
optional = false
python-versions = "*"

[[package]]
name = "requests"
version = "2.19.1"
description = "Python HTTP for Humans."
category = "main"
optional = false
python-versions = "*"

[metadata]
lock-version = "1.0"
python-versions = "^3.8"
content-hash = "abc123"
